
Microsoft Visual Studio Solution File, Format Version 12.00
# Visual Studio Version 17
VisualStudioVersion = 17.0.32112.339
MinimumVisualStudioVersion = 10.0.40219.1
Project("{FAE04EC0-301F-11D3-BF4B-00C04F79EFBC}") = "while", "while\while.csproj", "{0B7912E0-992B-4F16-A7E1-E286829C35D5}"
EndProject
Global
	GlobalSection(SolutionConfigurationPlatforms) = preSolution
		Debug|Any CPU = Debug|Any CPU
		Release|Any CPU = Release|Any CPU
	EndGlobalSection
	GlobalSection(ProjectConfigurationPlatforms) = postSolution
		{0B7912E0-992B-4F16-A7E1-E286829C35D5}.Debug|Any CPU.ActiveCfg = Debug|Any CPU
		{0B7912E0-992B-4F16-A7E1-E286829C35D5}.Debug|Any CPU.Build.0 = Debug|Any CPU
		{0B7912E0-992B-4F16-A7E1-E286829C35D5}.Release|Any CPU.ActiveCfg = Release|Any CPU
		{0B7912E0-992B-4F16-A7E1-E286829C35D5}.Release|Any CPU.Build.0 = Release|Any CPU
	EndGlobalSection
	GlobalSection(SolutionProperties) = preSolution
		HideSolutionNode = FALSE
	EndGlobalSection
	GlobalSection(ExtensibilityGlobals) = postSolution
		SolutionGuid = {106AFF5C-DB12-45E2-9A7C-AD12622AF420}
	EndGlobalSection
EndGlobal
